
Microsoft Visual Studio Solution File, Format Version 12.00
# Visual Studio Version 17
VisualStudioVersion = 17.13.35825.156 d17.13
MinimumVisualStudioVersion = 10.0.40219.1
Project("{FAE04EC0-301F-11D3-BF4B-00C04F79EFBC}") = "PTLZID001_GITHUB_INTRO", "PTLZID001_GITHUB_INTRO\PTLZID001_GITHUB_INTRO.csproj", "{CCECD6AF-D23A-4547-A5F2-26295625D333}"
EndProject
Global
	GlobalSection(SolutionConfigurationPlatforms) = preSolution
		Debug|Any CPU = Debug|Any CPU
		Release|Any CPU = Release|Any CPU
	EndGlobalSection
	GlobalSection(ProjectConfigurationPlatforms) = postSolution
		{CCECD6AF-D23A-4547-A5F2-26295625D333}.Debug|Any CPU.ActiveCfg = Debug|Any CPU
		{CCECD6AF-D23A-4547-A5F2-26295625D333}.Debug|Any CPU.Build.0 = Debug|Any CPU
		{CCECD6AF-D23A-4547-A5F2-26295625D333}.Release|Any CPU.ActiveCfg = Release|Any CPU
		{CCECD6AF-D23A-4547-A5F2-26295625D333}.Release|Any CPU.Build.0 = Release|Any CPU
	EndGlobalSection
	GlobalSection(SolutionProperties) = preSolution
		HideSolutionNode = FALSE
	EndGlobalSection
	GlobalSection(ExtensibilityGlobals) = postSolution
		SolutionGuid = {CCAC40EE-2EE7-4119-B3E2-8528716A362A}
	EndGlobalSection
EndGlobal
